
Microsoft Visual Studio Solution File, Format Version 12.00
# Visual Studio Version 16
VisualStudioVersion = 16.0.30907.101
MinimumVisualStudioVersion = 10.0.40219.1
Project("{9A19103F-16F7-4668-BE54-9A1E7A4F7556}") = "HW15", "16Class\HW15.csproj", "{34B49BE7-6AC2-469D-976E-FE911016848E}"
EndProject
Global
	GlobalSection(SolutionConfigurationPlatforms) = preSolution
		Debug|Any CPU = Debug|Any CPU
		Release|Any CPU = Release|Any CPU
	EndGlobalSection
	GlobalSection(ProjectConfigurationPlatforms) = postSolution
		{34B49BE7-6AC2-469D-976E-FE911016848E}.Debug|Any CPU.ActiveCfg = Debug|Any CPU
		{34B49BE7-6AC2-469D-976E-FE911016848E}.Debug|Any CPU.Build.0 = Debug|Any CPU
		{34B49BE7-6AC2-469D-976E-FE911016848E}.Release|Any CPU.ActiveCfg = Release|Any CPU
		{34B49BE7-6AC2-469D-976E-FE911016848E}.Release|Any CPU.Build.0 = Release|Any CPU
	EndGlobalSection
	GlobalSection(SolutionProperties) = preSolution
		HideSolutionNode = FALSE
	EndGlobalSection
	GlobalSection(ExtensibilityGlobals) = postSolution
		SolutionGuid = {D13D1020-79B6-428E-AF35-71D21E92EC8A}
	EndGlobalSection
EndGlobal
